
Microsoft Visual Studio Solution File, Format Version 12.00
# Visual Studio Version 16
VisualStudioVersion = 16.0.29613.14
MinimumVisualStudioVersion = 10.0.40219.1
Project("{FAE04EC0-301F-11D3-BF4B-00C04F79EFBC}") = "fbla-app", "fbla-app\fbla-app.csproj", "{E5CBEAC9-9FF2-4335-B89A-7FD74CA7DB41}"
EndProject
Global
	GlobalSection(SolutionConfigurationPlatforms) = preSolution
		Debug|Any CPU = Debug|Any CPU
		Release|Any CPU = Release|Any CPU
	EndGlobalSection
	GlobalSection(ProjectConfigurationPlatforms) = postSolution
		{E5CBEAC9-9FF2-4335-B89A-7FD74CA7DB41}.Debug|Any CPU.ActiveCfg = Debug|Any CPU
		{E5CBEAC9-9FF2-4335-B89A-7FD74CA7DB41}.Debug|Any CPU.Build.0 = Debug|Any CPU
		{E5CBEAC9-9FF2-4335-B89A-7FD74CA7DB41}.Release|Any CPU.ActiveCfg = Release|Any CPU
		{E5CBEAC9-9FF2-4335-B89A-7FD74CA7DB41}.Release|Any CPU.Build.0 = Release|Any CPU
	EndGlobalSection
	GlobalSection(SolutionProperties) = preSolution
		HideSolutionNode = FALSE
	EndGlobalSection
	GlobalSection(ExtensibilityGlobals) = postSolution
		SolutionGuid = {20FFC2E0-C927-437E-91B7-E405DA66DF28}
	EndGlobalSection
EndGlobal
